
Microsoft Visual Studio Solution File, Format Version 12.00
# Visual Studio Version 16
VisualStudioVersion = 16.6.30114.105
MinimumVisualStudioVersion = 10.0.40219.1
Project("{FAE04EC0-301F-11D3-BF4B-00C04F79EFBC}") = "PlanningBoard.Api", "PlanningBoard.Api\PlanningBoard.Api.csproj", "{40A6EAEC-84F3-4194-ABA6-15CA755CDB82}"
EndProject
Project("{FAE04EC0-301F-11D3-BF4B-00C04F79EFBC}") = "PlanningBoard.Api.UnitTests", "PlanningBoard.Api.UnitTests\PlanningBoard.Api.UnitTests.csproj", "{F05152AA-EC9B-4699-A1A8-DBAB85E837C0}"
EndProject
Project("{FAE04EC0-301F-11D3-BF4B-00C04F79EFBC}") = "PlanningBoard.Api.IntegrationTests", "PlanningBoard.Api.IntegrationTests\PlanningBoard.Api.IntegrationTests.csproj", "{9D775CFF-E0CB-4CFF-A8D4-90608CFB9858}"
EndProject
Global
	GlobalSection(SolutionConfigurationPlatforms) = preSolution
		Debug|Any CPU = Debug|Any CPU
		Debug|x64 = Debug|x64
		Debug|x86 = Debug|x86
		Release|Any CPU = Release|Any CPU
		Release|x64 = Release|x64
		Release|x86 = Release|x86
	EndGlobalSection
	GlobalSection(SolutionProperties) = preSolution
		HideSolutionNode = FALSE
	EndGlobalSection
	GlobalSection(ProjectConfigurationPlatforms) = postSolution
		{48B08E0A-94D8-4C54-8E28-3886CB1F2994}.Debug|Any CPU.ActiveCfg = Debug|Any CPU
		{48B08E0A-94D8-4C54-8E28-3886CB1F2994}.Debug|Any CPU.Build.0 = Debug|Any CPU
		{48B08E0A-94D8-4C54-8E28-3886CB1F2994}.Debug|x64.ActiveCfg = Debug|Any CPU
		{48B08E0A-94D8-4C54-8E28-3886CB1F2994}.Debug|x64.Build.0 = Debug|Any CPU
		{48B08E0A-94D8-4C54-8E28-3886CB1F2994}.Debug|x86.ActiveCfg = Debug|Any CPU
		{48B08E0A-94D8-4C54-8E28-3886CB1F2994}.Debug|x86.Build.0 = Debug|Any CPU
		{48B08E0A-94D8-4C54-8E28-3886CB1F2994}.Release|Any CPU.ActiveCfg = Release|Any CPU
		{48B08E0A-94D8-4C54-8E28-3886CB1F2994}.Release|Any CPU.Build.0 = Release|Any CPU
		{48B08E0A-94D8-4C54-8E28-3886CB1F2994}.Release|x64.ActiveCfg = Release|Any CPU
		{48B08E0A-94D8-4C54-8E28-3886CB1F2994}.Release|x64.Build.0 = Release|Any CPU
		{48B08E0A-94D8-4C54-8E28-3886CB1F2994}.Release|x86.ActiveCfg = Release|Any CPU
		{48B08E0A-94D8-4C54-8E28-3886CB1F2994}.Release|x86.Build.0 = Release|Any CPU
		{7F665B00-21FF-4588-AC1F-E48B27D96CF4}.Debug|Any CPU.ActiveCfg = Debug|Any CPU
		{7F665B00-21FF-4588-AC1F-E48B27D96CF4}.Debug|Any CPU.Build.0 = Debug|Any CPU
		{7F665B00-21FF-4588-AC1F-E48B27D96CF4}.Debug|x64.ActiveCfg = Debug|Any CPU
		{7F665B00-21FF-4588-AC1F-E48B27D96CF4}.Debug|x64.Build.0 = Debug|Any CPU
		{7F665B00-21FF-4588-AC1F-E48B27D96CF4}.Debug|x86.ActiveCfg = Debug|Any CPU
		{7F665B00-21FF-4588-AC1F-E48B27D96CF4}.Debug|x86.Build.0 = Debug|Any CPU
		{7F665B00-21FF-4588-AC1F-E48B27D96CF4}.Release|Any CPU.ActiveCfg = Release|Any CPU
		{7F665B00-21FF-4588-AC1F-E48B27D96CF4}.Release|Any CPU.Build.0 = Release|Any CPU
		{7F665B00-21FF-4588-AC1F-E48B27D96CF4}.Release|x64.ActiveCfg = Release|Any CPU
		{7F665B00-21FF-4588-AC1F-E48B27D96CF4}.Release|x64.Build.0 = Release|Any CPU
		{7F665B00-21FF-4588-AC1F-E48B27D96CF4}.Release|x86.ActiveCfg = Release|Any CPU
		{7F665B00-21FF-4588-AC1F-E48B27D96CF4}.Release|x86.Build.0 = Release|Any CPU
		{CA5FC843-0EDD-4AEC-B475-EF2F183DC78F}.Debug|Any CPU.ActiveCfg = Debug|Any CPU
		{CA5FC843-0EDD-4AEC-B475-EF2F183DC78F}.Debug|Any CPU.Build.0 = Debug|Any CPU
		{CA5FC843-0EDD-4AEC-B475-EF2F183DC78F}.Debug|x64.ActiveCfg = Debug|Any CPU
		{CA5FC843-0EDD-4AEC-B475-EF2F183DC78F}.Debug|x64.Build.0 = Debug|Any CPU
		{CA5FC843-0EDD-4AEC-B475-EF2F183DC78F}.Debug|x86.ActiveCfg = Debug|Any CPU
		{CA5FC843-0EDD-4AEC-B475-EF2F183DC78F}.Debug|x86.Build.0 = Debug|Any CPU
		{CA5FC843-0EDD-4AEC-B475-EF2F183DC78F}.Release|Any CPU.ActiveCfg = Release|Any CPU
		{CA5FC843-0EDD-4AEC-B475-EF2F183DC78F}.Release|Any CPU.Build.0 = Release|Any CPU
		{CA5FC843-0EDD-4AEC-B475-EF2F183DC78F}.Release|x64.ActiveCfg = Release|Any CPU
		{CA5FC843-0EDD-4AEC-B475-EF2F183DC78F}.Release|x64.Build.0 = Release|Any CPU
		{CA5FC843-0EDD-4AEC-B475-EF2F183DC78F}.Release|x86.ActiveCfg = Release|Any CPU
		{CA5FC843-0EDD-4AEC-B475-EF2F183DC78F}.Release|x86.Build.0 = Release|Any CPU
		{76ECD26C-487B-49FA-8144-667B5285F037}.Debug|Any CPU.ActiveCfg = Debug|Any CPU
		{76ECD26C-487B-49FA-8144-667B5285F037}.Debug|Any CPU.Build.0 = Debug|Any CPU
		{76ECD26C-487B-49FA-8144-667B5285F037}.Debug|x64.ActiveCfg = Debug|Any CPU
		{76ECD26C-487B-49FA-8144-667B5285F037}.Debug|x64.Build.0 = Debug|Any CPU
		{76ECD26C-487B-49FA-8144-667B5285F037}.Debug|x86.ActiveCfg = Debug|Any CPU
		{76ECD26C-487B-49FA-8144-667B5285F037}.Debug|x86.Build.0 = Debug|Any CPU
		{76ECD26C-487B-49FA-8144-667B5285F037}.Release|Any CPU.ActiveCfg = Release|Any CPU
		{76ECD26C-487B-49FA-8144-667B5285F037}.Release|Any CPU.Build.0 = Release|Any CPU
		{76ECD26C-487B-49FA-8144-667B5285F037}.Release|x64.ActiveCfg = Release|Any CPU
		{76ECD26C-487B-49FA-8144-667B5285F037}.Release|x64.Build.0 = Release|Any CPU
		{76ECD26C-487B-49FA-8144-667B5285F037}.Release|x86.ActiveCfg = Release|Any CPU
		{76ECD26C-487B-49FA-8144-667B5285F037}.Release|x86.Build.0 = Release|Any CPU
		{0F36CAD7-0DB0-490E-89E3-925AD4C67196}.Debug|Any CPU.ActiveCfg = Debug|Any CPU
		{0F36CAD7-0DB0-490E-89E3-925AD4C67196}.Debug|Any CPU.Build.0 = Debug|Any CPU
		{0F36CAD7-0DB0-490E-89E3-925AD4C67196}.Debug|x64.ActiveCfg = Debug|Any CPU
		{0F36CAD7-0DB0-490E-89E3-925AD4C67196}.Debug|x64.Build.0 = Debug|Any CPU
		{0F36CAD7-0DB0-490E-89E3-925AD4C67196}.Debug|x86.ActiveCfg = Debug|Any CPU
		{0F36CAD7-0DB0-490E-89E3-925AD4C67196}.Debug|x86.Build.0 = Debug|Any CPU
		{0F36CAD7-0DB0-490E-89E3-925AD4C67196}.Release|Any CPU.ActiveCfg = Release|Any CPU
		{0F36CAD7-0DB0-490E-89E3-925AD4C67196}.Release|Any CPU.Build.0 = Release|Any CPU
		{0F36CAD7-0DB0-490E-89E3-925AD4C67196}.Release|x64.ActiveCfg = Release|Any CPU
		{0F36CAD7-0DB0-490E-89E3-925AD4C67196}.Release|x64.Build.0 = Release|Any CPU
		{0F36CAD7-0DB0-490E-89E3-925AD4C67196}.Release|x86.ActiveCfg = Release|Any CPU
		{0F36CAD7-0DB0-490E-89E3-925AD4C67196}.Release|x86.Build.0 = Release|Any CPU
		{51EA847A-CB6F-4223-B4EC-3B46B2CAE7A3}.Debug|Any CPU.ActiveCfg = Debug|Any CPU
		{51EA847A-CB6F-4223-B4EC-3B46B2CAE7A3}.Debug|Any CPU.Build.0 = Debug|Any CPU
		{51EA847A-CB6F-4223-B4EC-3B46B2CAE7A3}.Debug|x64.ActiveCfg = Debug|Any CPU
		{51EA847A-CB6F-4223-B4EC-3B46B2CAE7A3}.Debug|x64.Build.0 = Debug|Any CPU
		{51EA847A-CB6F-4223-B4EC-3B46B2CAE7A3}.Debug|x86.ActiveCfg = Debug|Any CPU
		{51EA847A-CB6F-4223-B4EC-3B46B2CAE7A3}.Debug|x86.Build.0 = Debug|Any CPU
		{51EA847A-CB6F-4223-B4EC-3B46B2CAE7A3}.Release|Any CPU.ActiveCfg = Release|Any CPU
		{51EA847A-CB6F-4223-B4EC-3B46B2CAE7A3}.Release|Any CPU.Build.0 = Release|Any CPU
		{51EA847A-CB6F-4223-B4EC-3B46B2CAE7A3}.Release|x64.ActiveCfg = Release|Any CPU
		{51EA847A-CB6F-4223-B4EC-3B46B2CAE7A3}.Release|x64.Build.0 = Release|Any CPU
		{51EA847A-CB6F-4223-B4EC-3B46B2CAE7A3}.Release|x86.ActiveCfg = Release|Any CPU
		{51EA847A-CB6F-4223-B4EC-3B46B2CAE7A3}.Release|x86.Build.0 = Release|Any CPU
		{CA6FFB95-5459-4434-B23A-ADED2302014E}.Debug|Any CPU.ActiveCfg = Debug|Any CPU
		{CA6FFB95-5459-4434-B23A-ADED2302014E}.Debug|Any CPU.Build.0 = Debug|Any CPU
		{CA6FFB95-5459-4434-B23A-ADED2302014E}.Debug|x64.ActiveCfg = Debug|Any CPU
		{CA6FFB95-5459-4434-B23A-ADED2302014E}.Debug|x64.Build.0 = Debug|Any CPU
		{CA6FFB95-5459-4434-B23A-ADED2302014E}.Debug|x86.ActiveCfg = Debug|Any CPU
		{CA6FFB95-5459-4434-B23A-ADED2302014E}.Debug|x86.Build.0 = Debug|Any CPU
		{CA6FFB95-5459-4434-B23A-ADED2302014E}.Release|Any CPU.ActiveCfg = Release|Any CPU
		{CA6FFB95-5459-4434-B23A-ADED2302014E}.Release|Any CPU.Build.0 = Release|Any CPU
		{CA6FFB95-5459-4434-B23A-ADED2302014E}.Release|x64.ActiveCfg = Release|Any CPU
		{CA6FFB95-5459-4434-B23A-ADED2302014E}.Release|x64.Build.0 = Release|Any CPU
		{CA6FFB95-5459-4434-B23A-ADED2302014E}.Release|x86.ActiveCfg = Release|Any CPU
		{CA6FFB95-5459-4434-B23A-ADED2302014E}.Release|x86.Build.0 = Release|Any CPU
		{40A6EAEC-84F3-4194-ABA6-15CA755CDB82}.Debug|Any CPU.ActiveCfg = Debug|Any CPU
		{40A6EAEC-84F3-4194-ABA6-15CA755CDB82}.Debug|Any CPU.Build.0 = Debug|Any CPU
		{40A6EAEC-84F3-4194-ABA6-15CA755CDB82}.Debug|x64.ActiveCfg = Debug|Any CPU
		{40A6EAEC-84F3-4194-ABA6-15CA755CDB82}.Debug|x64.Build.0 = Debug|Any CPU
		{40A6EAEC-84F3-4194-ABA6-15CA755CDB82}.Debug|x86.ActiveCfg = Debug|Any CPU
		{40A6EAEC-84F3-4194-ABA6-15CA755CDB82}.Debug|x86.Build.0 = Debug|Any CPU
		{40A6EAEC-84F3-4194-ABA6-15CA755CDB82}.Release|Any CPU.ActiveCfg = Release|Any CPU
		{40A6EAEC-84F3-4194-ABA6-15CA755CDB82}.Release|Any CPU.Build.0 = Release|Any CPU
		{40A6EAEC-84F3-4194-ABA6-15CA755CDB82}.Release|x64.ActiveCfg = Release|Any CPU
		{40A6EAEC-84F3-4194-ABA6-15CA755CDB82}.Release|x64.Build.0 = Release|Any CPU
		{40A6EAEC-84F3-4194-ABA6-15CA755CDB82}.Release|x86.ActiveCfg = Release|Any CPU
		{40A6EAEC-84F3-4194-ABA6-15CA755CDB82}.Release|x86.Build.0 = Release|Any CPU
		{F05152AA-EC9B-4699-A1A8-DBAB85E837C0}.Debug|Any CPU.ActiveCfg = Debug|Any CPU
		{F05152AA-EC9B-4699-A1A8-DBAB85E837C0}.Debug|Any CPU.Build.0 = Debug|Any CPU
		{F05152AA-EC9B-4699-A1A8-DBAB85E837C0}.Debug|x64.ActiveCfg = Debug|Any CPU
		{F05152AA-EC9B-4699-A1A8-DBAB85E837C0}.Debug|x64.Build.0 = Debug|Any CPU
		{F05152AA-EC9B-4699-A1A8-DBAB85E837C0}.Debug|x86.ActiveCfg = Debug|Any CPU
		{F05152AA-EC9B-4699-A1A8-DBAB85E837C0}.Debug|x86.Build.0 = Debug|Any CPU
		{F05152AA-EC9B-4699-A1A8-DBAB85E837C0}.Release|Any CPU.ActiveCfg = Release|Any CPU
		{F05152AA-EC9B-4699-A1A8-DBAB85E837C0}.Release|Any CPU.Build.0 = Release|Any CPU
		{F05152AA-EC9B-4699-A1A8-DBAB85E837C0}.Release|x64.ActiveCfg = Release|Any CPU
		{F05152AA-EC9B-4699-A1A8-DBAB85E837C0}.Release|x64.Build.0 = Release|Any CPU
		{F05152AA-EC9B-4699-A1A8-DBAB85E837C0}.Release|x86.ActiveCfg = Release|Any CPU
		{F05152AA-EC9B-4699-A1A8-DBAB85E837C0}.Release|x86.Build.0 = Release|Any CPU
		{9D775CFF-E0CB-4CFF-A8D4-90608CFB9858}.Debug|Any CPU.ActiveCfg = Debug|Any CPU
		{9D775CFF-E0CB-4CFF-A8D4-90608CFB9858}.Debug|Any CPU.Build.0 = Debug|Any CPU
		{9D775CFF-E0CB-4CFF-A8D4-90608CFB9858}.Debug|x64.ActiveCfg = Debug|Any CPU
		{9D775CFF-E0CB-4CFF-A8D4-90608CFB9858}.Debug|x64.Build.0 = Debug|Any CPU
		{9D775CFF-E0CB-4CFF-A8D4-90608CFB9858}.Debug|x86.ActiveCfg = Debug|Any CPU
		{9D775CFF-E0CB-4CFF-A8D4-90608CFB9858}.Debug|x86.Build.0 = Debug|Any CPU
		{9D775CFF-E0CB-4CFF-A8D4-90608CFB9858}.Release|Any CPU.ActiveCfg = Release|Any CPU
		{9D775CFF-E0CB-4CFF-A8D4-90608CFB9858}.Release|Any CPU.Build.0 = Release|Any CPU
		{9D775CFF-E0CB-4CFF-A8D4-90608CFB9858}.Release|x64.ActiveCfg = Release|Any CPU
		{9D775CFF-E0CB-4CFF-A8D4-90608CFB9858}.Release|x64.Build.0 = Release|Any CPU
		{9D775CFF-E0CB-4CFF-A8D4-90608CFB9858}.Release|x86.ActiveCfg = Release|Any CPU
		{9D775CFF-E0CB-4CFF-A8D4-90608CFB9858}.Release|x86.Build.0 = Release|Any CPU
	EndGlobalSection
EndGlobal
